
Microsoft Visual Studio Solution File, Format Version 12.00
# Visual Studio 15
VisualStudioVersion = 15.0.27703.2042
MinimumVisualStudioVersion = 10.0.40219.1
Project("{9A19103F-16F7-4668-BE54-9A1E7A4F7556}") = "DiscogsApi", "DiscogsApi\DiscogsApi.csproj", "{47489A97-22AF-4803-A551-4C175F04AD43}"
EndProject
Global
	GlobalSection(SolutionConfigurationPlatforms) = preSolution
		Debug|Any CPU = Debug|Any CPU
		Release|Any CPU = Release|Any CPU
	EndGlobalSection
	GlobalSection(ProjectConfigurationPlatforms) = postSolution
		{47489A97-22AF-4803-A551-4C175F04AD43}.Debug|Any CPU.ActiveCfg = Debug|Any CPU
		{47489A97-22AF-4803-A551-4C175F04AD43}.Debug|Any CPU.Build.0 = Debug|Any CPU
		{47489A97-22AF-4803-A551-4C175F04AD43}.Release|Any CPU.ActiveCfg = Release|Any CPU
		{47489A97-22AF-4803-A551-4C175F04AD43}.Release|Any CPU.Build.0 = Release|Any CPU
	EndGlobalSection
	GlobalSection(SolutionProperties) = preSolution
		HideSolutionNode = FALSE
	EndGlobalSection
	GlobalSection(ExtensibilityGlobals) = postSolution
		SolutionGuid = {60B34D72-1E28-4218-9FEA-9546DD1B19B6}
	EndGlobalSection
EndGlobal
